# This file is automatically @generated by Cargo.
# It is not intended for manual editing.
version = 4

[[package]]
name = "baker-firmware"
version = "0.1.0"
dependencies = [
 "hibana",
 "hibana-pico",
 "rp2040-boot2",
]

[[package]]
name = "crc-any"
version = "2.5.0"
source = "registry+https://github.com/rust-lang/crates.io-index"
checksum = "a62ec9ff5f7965e4d7280bd5482acd20aadb50d632cf6c1d74493856b011fa73"
dependencies = [
 "debug-helper",
]

[[package]]
name = "debug-helper"
version = "0.3.13"
source = "registry+https://github.com/rust-lang/crates.io-index"
checksum = "f578e8e2c440e7297e008bb5486a3a8a194775224bbc23729b0dbdfaeebf162e"

[[package]]
name = "heterogeneous-split-example"
version = "0.1.0"
dependencies = [
 "hibana",
 "hibana-pico",
]

[[package]]
name = "hibana"
version = "0.3.0"
source = "registry+https://github.com/rust-lang/crates.io-index"
checksum = "988a72e08b6c593257df1a200252789dcaa1ff54d9c913c126832fe33ce2c9b5"

[[package]]
name = "hibana-pico"
version = "0.1.0"
dependencies = [
 "hibana",
]

[[package]]
name = "host-smoke-example"
version = "0.1.0"
dependencies = [
 "hibana",
 "hibana-pico",
]

[[package]]
name = "rp2040-boot2"
version = "0.3.0"
source = "registry+https://github.com/rust-lang/crates.io-index"
checksum = "7c92f344f63f950ee36cf4080050e4dce850839b9175da38f9d2ffb69b4dbb21"
dependencies = [
 "crc-any",
]

[[package]]
name = "swarm-smoke-example"
version = "0.1.0"
dependencies = [
 "hibana",
 "hibana-pico",
]
