# This file is automatically @generated by Cargo.
# It is not intended for manual editing.
version = 4

[[package]]
name = "baker-firmware"
version = "0.1.0"
dependencies = [
 "hibana",
 "hibana-pico",
]

[[package]]
name = "heterogeneous-split-example"
version = "0.1.0"
dependencies = [
 "hibana",
 "hibana-pico",
]

[[package]]
name = "hibana"
version = "0.5.3"
source = "registry+https://github.com/rust-lang/crates.io-index"
checksum = "7e285491dc80e70f843e458df566b05d9fa6d555ef34222e6ca4ade09ea88fcd"

[[package]]
name = "hibana-pico"
version = "0.1.0"
dependencies = [
 "hibana",
]
