# This file is automatically @generated by Cargo.
# It is not intended for manual editing.
version = 4

[[package]]
name = "baker-firmware"
version = "0.1.0"
dependencies = [
 "hibana",
 "hibana-epf",
 "hibana-pico",
 "hibana-wasip1-runtime",
]

[[package]]
name = "heterogeneous-split-example"
version = "0.1.0"
dependencies = [
 "hibana",
 "hibana-pico",
]

[[package]]
name = "hibana"
version = "0.9.4"
source = "registry+https://github.com/rust-lang/crates.io-index"
checksum = "af5c790dbf3b63cae9c86401f2f934ead3756636f529484ef8db1f2a7802023b"

[[package]]
name = "hibana-epf"
version = "0.1.0"
dependencies = [
 "hibana",
]

[[package]]
name = "hibana-pico"
version = "0.1.0"
dependencies = [
 "hibana",
 "hibana-wasip1-runtime",
]

[[package]]
name = "hibana-wasip1-runtime"
version = "0.1.0"
dependencies = [
 "hibana",
]

[[package]]
name = "hibana-wifi"
version = "0.1.0"
dependencies = [
 "hibana",
 "hibana-wifi-proto",
]

[[package]]
name = "hibana-wifi-proto"
version = "0.1.0"
dependencies = [
 "hibana",
]

[[package]]
name = "libc"
version = "0.2.186"
source = "registry+https://github.com/rust-lang/crates.io-index"
checksum = "68ab91017fe16c622486840e4c83c9a37afeff978bd239b5293d61ece587de66"

[[package]]
name = "rp2w-firmware"
version = "0.1.0"
dependencies = [
 "hibana",
 "hibana-epf",
 "hibana-pico",
 "hibana-wasip1-runtime",
 "hibana-wifi",
 "uno-q-heterogeneous",
]

[[package]]
name = "uno-q-heterogeneous"
version = "0.1.0"
dependencies = [
 "hibana",
 "hibana-pico",
 "hibana-wasip1-runtime",
 "hibana-wifi",
 "libc",
]
